
Microsoft Visual Studio Solution File, Format Version 12.00
# Visual Studio Version 17
VisualStudioVersion = 17.6.33829.357
MinimumVisualStudioVersion = 10.0.40219.1
Project("{FAE04EC0-301F-11D3-BF4B-00C04F79EFBC}") = "arbetsprov", "arbetsprov\arbetsprov.csproj", "{B603EED9-4622-48B0-BE76-0CC61841A347}"
EndProject
Global
	GlobalSection(SolutionConfigurationPlatforms) = preSolution
		Debug|Any CPU = Debug|Any CPU
		Release|Any CPU = Release|Any CPU
	EndGlobalSection
	GlobalSection(ProjectConfigurationPlatforms) = postSolution
		{B603EED9-4622-48B0-BE76-0CC61841A347}.Debug|Any CPU.ActiveCfg = Debug|Any CPU
		{B603EED9-4622-48B0-BE76-0CC61841A347}.Debug|Any CPU.Build.0 = Debug|Any CPU
		{B603EED9-4622-48B0-BE76-0CC61841A347}.Release|Any CPU.ActiveCfg = Release|Any CPU
		{B603EED9-4622-48B0-BE76-0CC61841A347}.Release|Any CPU.Build.0 = Release|Any CPU
	EndGlobalSection
	GlobalSection(SolutionProperties) = preSolution
		HideSolutionNode = FALSE
	EndGlobalSection
	GlobalSection(ExtensibilityGlobals) = postSolution
		SolutionGuid = {DE7D6F92-D886-42F0-ACF5-8907B4360838}
	EndGlobalSection
EndGlobal
